
Microsoft Visual Studio Solution File, Format Version 12.00
# Visual Studio Version 16
VisualStudioVersion = 16.0.31624.102
MinimumVisualStudioVersion = 10.0.40219.1
Project("{FAE04EC0-301F-11D3-BF4B-00C04F79EFBC}") = "Calculadora", "Calculadora\Calculadora.csproj", "{C602194C-45EF-4D1B-97E7-ADF2A6004ACF}"
EndProject
Global
	GlobalSection(SolutionConfigurationPlatforms) = preSolution
		Debug|Any CPU = Debug|Any CPU
		Release|Any CPU = Release|Any CPU
	EndGlobalSection
	GlobalSection(ProjectConfigurationPlatforms) = postSolution
		{C602194C-45EF-4D1B-97E7-ADF2A6004ACF}.Debug|Any CPU.ActiveCfg = Debug|Any CPU
		{C602194C-45EF-4D1B-97E7-ADF2A6004ACF}.Debug|Any CPU.Build.0 = Debug|Any CPU
		{C602194C-45EF-4D1B-97E7-ADF2A6004ACF}.Release|Any CPU.ActiveCfg = Release|Any CPU
		{C602194C-45EF-4D1B-97E7-ADF2A6004ACF}.Release|Any CPU.Build.0 = Release|Any CPU
	EndGlobalSection
	GlobalSection(SolutionProperties) = preSolution
		HideSolutionNode = FALSE
	EndGlobalSection
	GlobalSection(ExtensibilityGlobals) = postSolution
		SolutionGuid = {1CD5ABEE-2A7C-41F6-B5AA-CEC70C4DFBF5}
	EndGlobalSection
EndGlobal
